
Microsoft Visual Studio Solution File, Format Version 12.00
# Visual Studio 15
VisualStudioVersion = 15.0.27703.2035
MinimumVisualStudioVersion = 10.0.40219.1
Project("{FAE04EC0-301F-11D3-BF4B-00C04F79EFBC}") = "ACM.BL", "ACM\ACM.BL.csproj", "{3636550E-EF83-4AEC-9C8F-D0E3B87B30C9}"
EndProject
Project("{2150E333-8FDC-42A3-9474-1A3956D46DE8}") = "Tests", "Tests", "{8174A222-EE8F-4C59-A9F4-7C84C71A6D5F}"
EndProject
Project("{FAE04EC0-301F-11D3-BF4B-00C04F79EFBC}") = "ACM.BL.Test", "ACM.BLTests1\ACM.BL.Test.csproj", "{D0C3821B-7DD4-4047-ACC0-9C0E833B0844}"
EndProject
Project("{FAE04EC0-301F-11D3-BF4B-00C04F79EFBC}") = "ACM.Library", "ACM.Library\ACM.Library.csproj", "{254D64A3-3A8C-4138-8BF2-E4DFD3CEA9F3}"
EndProject
Project("{FAE04EC0-301F-11D3-BF4B-00C04F79EFBC}") = "ACM.LibraryTests", "ACM.LibraryTests\ACM.LibraryTests.csproj", "{1C9D9DCD-1796-4C6C-8986-C8BD5308914D}"
EndProject
Global
	GlobalSection(SolutionConfigurationPlatforms) = preSolution
		Debug|Any CPU = Debug|Any CPU
		Release|Any CPU = Release|Any CPU
	EndGlobalSection
	GlobalSection(ProjectConfigurationPlatforms) = postSolution
		{3636550E-EF83-4AEC-9C8F-D0E3B87B30C9}.Debug|Any CPU.ActiveCfg = Debug|Any CPU
		{3636550E-EF83-4AEC-9C8F-D0E3B87B30C9}.Debug|Any CPU.Build.0 = Debug|Any CPU
		{3636550E-EF83-4AEC-9C8F-D0E3B87B30C9}.Release|Any CPU.ActiveCfg = Release|Any CPU
		{3636550E-EF83-4AEC-9C8F-D0E3B87B30C9}.Release|Any CPU.Build.0 = Release|Any CPU
		{D0C3821B-7DD4-4047-ACC0-9C0E833B0844}.Debug|Any CPU.ActiveCfg = Debug|Any CPU
		{D0C3821B-7DD4-4047-ACC0-9C0E833B0844}.Debug|Any CPU.Build.0 = Debug|Any CPU
		{D0C3821B-7DD4-4047-ACC0-9C0E833B0844}.Release|Any CPU.ActiveCfg = Release|Any CPU
		{D0C3821B-7DD4-4047-ACC0-9C0E833B0844}.Release|Any CPU.Build.0 = Release|Any CPU
		{254D64A3-3A8C-4138-8BF2-E4DFD3CEA9F3}.Debug|Any CPU.ActiveCfg = Debug|Any CPU
		{254D64A3-3A8C-4138-8BF2-E4DFD3CEA9F3}.Debug|Any CPU.Build.0 = Debug|Any CPU
		{254D64A3-3A8C-4138-8BF2-E4DFD3CEA9F3}.Release|Any CPU.ActiveCfg = Release|Any CPU
		{254D64A3-3A8C-4138-8BF2-E4DFD3CEA9F3}.Release|Any CPU.Build.0 = Release|Any CPU
		{1C9D9DCD-1796-4C6C-8986-C8BD5308914D}.Debug|Any CPU.ActiveCfg = Debug|Any CPU
		{1C9D9DCD-1796-4C6C-8986-C8BD5308914D}.Debug|Any CPU.Build.0 = Debug|Any CPU
		{1C9D9DCD-1796-4C6C-8986-C8BD5308914D}.Release|Any CPU.ActiveCfg = Release|Any CPU
		{1C9D9DCD-1796-4C6C-8986-C8BD5308914D}.Release|Any CPU.Build.0 = Release|Any CPU
	EndGlobalSection
	GlobalSection(SolutionProperties) = preSolution
		HideSolutionNode = FALSE
	EndGlobalSection
	GlobalSection(NestedProjects) = preSolution
		{D0C3821B-7DD4-4047-ACC0-9C0E833B0844} = {8174A222-EE8F-4C59-A9F4-7C84C71A6D5F}
		{1C9D9DCD-1796-4C6C-8986-C8BD5308914D} = {8174A222-EE8F-4C59-A9F4-7C84C71A6D5F}
	EndGlobalSection
	GlobalSection(ExtensibilityGlobals) = postSolution
		SolutionGuid = {C2373335-4668-4DE8-B88F-BB28E790A2B6}
	EndGlobalSection
EndGlobal
